// !$*UTF8*$!
{
	archiveVersion = 1;
	classes = {
	};
	objectVersion = 50;
	objects = {

/* Begin PBXBuildFile section */
		A1EDA07F253E02A1007D434C /* AppDelegate.swift in Sources */ = {isa = PBXBuildFile; fileRef = A1EDA07E253E02A1007D434C /* AppDelegate.swift */; };
		A1EDA083253E02A1007D434C /* MainViewController.swift in Sources */ = {isa = PBXBuildFile; fileRef = A1EDA082253E02A1007D434C /* MainViewController.swift */; };
		A1EDA088253E02A4007D434C /* Assets.xcassets in Resources */ = {isa = PBXBuildFile; fileRef = A1EDA087253E02A4007D434C /* Assets.xcassets */; };
		A1EDA08B253E02A4007D434C /* LaunchScreen.storyboard in Resources */ = {isa = PBXBuildFile; fileRef = A1EDA089253E02A4007D434C /* LaunchScreen.storyboard */; };
		A1EDA09C253E05D3007D434C /* MainViewModel.swift in Sources */ = {isa = PBXBuildFile; fileRef = A1EDA09B253E05D3007D434C /* MainViewModel.swift */; };
		A1EDA0A2253E0B7A007D434C /* MenuButton.swift in Sources */ = {isa = PBXBuildFile; fileRef = A1EDA0A1253E0B7A007D434C /* MenuButton.swift */; };
/* End PBXBuildFile section */

/* Begin PBXFileReference section */
		A1EDA07B253E02A1007D434C /* Duno.app */ = {isa = PBXFileReference; explicitFileType = wrapper.application; includeInIndex = 0; path = Duno.app; sourceTree = BUILT_PRODUCTS_DIR; };
		A1EDA07E253E02A1007D434C /* AppDelegate.swift */ = {isa = PBXFileReference; lastKnownFileType = sourcecode.swift; path = AppDelegate.swift; sourceTree = "<group>"; };
		A1EDA082253E02A1007D434C /* MainViewController.swift */ = {isa = PBXFileReference; lastKnownFileType = sourcecode.swift; path = MainViewController.swift; sourceTree = "<group>"; };
		A1EDA087253E02A4007D434C /* Assets.xcassets */ = {isa = PBXFileReference; lastKnownFileType = folder.assetcatalog; path = Assets.xcassets; sourceTree = "<group>"; };
		A1EDA08A253E02A4007D434C /* Base */ = {isa = PBXFileReference; lastKnownFileType = file.storyboard; name = Base; path = Base.lproj/LaunchScreen.storyboard; sourceTree = "<group>"; };
		A1EDA08C253E02A4007D434C /* Info.plist */ = {isa = PBXFileReference; lastKnownFileType = text.plist.xml; path = Info.plist; sourceTree = "<group>"; };
		A1EDA09B253E05D3007D434C /* MainViewModel.swift */ = {isa = PBXFileReference; lastKnownFileType = sourcecode.swift; path = MainViewModel.swift; sourceTree = "<group>"; };
		A1EDA0A1253E0B7A007D434C /* MenuButton.swift */ = {isa = PBXFileReference; lastKnownFileType = sourcecode.swift; path = MenuButton.swift; sourceTree = "<group>"; };
/* End PBXFileReference section */

/* Begin PBXFrameworksBuildPhase section */
		A1EDA078253E02A1007D434C /* Frameworks */ = {
			isa = PBXFrameworksBuildPhase;
			buildActionMask = 2147483647;
			files = (
			);
			runOnlyForDeploymentPostprocessing = 0;
		};
/* End PBXFrameworksBuildPhase section */

/* Begin PBXGroup section */
		A1EDA072253E02A1007D434C = {
			isa = PBXGroup;
			children = (
				A1EDA07D253E02A1007D434C /* Duno */,
				A1EDA07C253E02A1007D434C /* Products */,
			);
			sourceTree = "<group>";
		};
		A1EDA07C253E02A1007D434C /* Products */ = {
			isa = PBXGroup;
			children = (
				A1EDA07B253E02A1007D434C /* Duno.app */,
			);
			name = Products;
			sourceTree = "<group>";
		};
		A1EDA07D253E02A1007D434C /* Duno */ = {
			isa = PBXGroup;
			children = (
				A1EDA087253E02A4007D434C /* Assets.xcassets */,
				A1EDA09A253E05B2007D434C /* Model */,
				A1EDA099253E05A9007D434C /* ViewModel */,
				A1EDA098253E059E007D434C /* View */,
				A1EDA07E253E02A1007D434C /* AppDelegate.swift */,
				A1EDA089253E02A4007D434C /* LaunchScreen.storyboard */,
				A1EDA08C253E02A4007D434C /* Info.plist */,
			);
			path = Duno;
			sourceTree = "<group>";
		};
		A1EDA098253E059E007D434C /* View */ = {
			isa = PBXGroup;
			children = (
				A1EDA09F253E0835007D434C /* Component */,
				A1EDA09E253E082C007D434C /* Controller */,
			);
			path = View;
			sourceTree = "<group>";
		};
		A1EDA099253E05A9007D434C /* ViewModel */ = {
			isa = PBXGroup;
			children = (
				A1EDA09B253E05D3007D434C /* MainViewModel.swift */,
			);
			path = ViewModel;
			sourceTree = "<group>";
		};
		A1EDA09A253E05B2007D434C /* Model */ = {
			isa = PBXGroup;
			children = (
			);
			path = Model;
			sourceTree = "<group>";
		};
		A1EDA09E253E082C007D434C /* Controller */ = {
			isa = PBXGroup;
			children = (
				A1EDA082253E02A1007D434C /* MainViewController.swift */,
			);
			path = Controller;
			sourceTree = "<group>";
		};
		A1EDA09F253E0835007D434C /* Component */ = {
			isa = PBXGroup;
			children = (
				A1EDA0A1253E0B7A007D434C /* MenuButton.swift */,
			);
			path = Component;
			sourceTree = "<group>";
		};
/* End PBXGroup section */

/* Begin PBXNativeTarget section */
		A1EDA07A253E02A1007D434C /* Duno */ = {
			isa = PBXNativeTarget;
			buildConfigurationList = A1EDA08F253E02A4007D434C /* Build configuration list for PBXNativeTarget "Duno" */;
			buildPhases = (
				A1EDA077253E02A1007D434C /* Sources */,
				A1EDA078253E02A1007D434C /* Frameworks */,
				A1EDA079253E02A1007D434C /* Resources */,
			);
			buildRules = (
			);
			dependencies = (
			);
			name = Duno;
			productName = Duno;
			productReference = A1EDA07B253E02A1007D434C /* Duno.app */;
			productType = "com.apple.product-type.application";
		};
/* End PBXNativeTarget section */

/* Begin PBXProject section */
		A1EDA073253E02A1007D434C /* Project object */ = {
			isa = PBXProject;
			attributes = {
				LastSwiftUpdateCheck = 1200;
				LastUpgradeCheck = 1200;
				TargetAttributes = {
					A1EDA07A253E02A1007D434C = {
						CreatedOnToolsVersion = 12.0.1;
					};
				};
			};
			buildConfigurationList = A1EDA076253E02A1007D434C /* Build configuration list for PBXProject "Duno" */;
			compatibilityVersion = "Xcode 9.3";
			developmentRegion = en;
			hasScannedForEncodings = 0;
			knownRegions = (
				en,
				Base,
			);
			mainGroup = A1EDA072253E02A1007D434C;
			productRefGroup = A1EDA07C253E02A1007D434C /* Products */;
			projectDirPath = "";
			projectRoot = "";
			targets = (
				A1EDA07A253E02A1007D434C /* Duno */,
			);
		};
/* End PBXProject section */

/* Begin PBXResourcesBuildPhase section */
		A1EDA079253E02A1007D434C /* Resources */ = {
			isa = PBXResourcesBuildPhase;
			buildActionMask = 2147483647;
			files = (
				A1EDA08B253E02A4007D434C /* LaunchScreen.storyboard in Resources */,
				A1EDA088253E02A4007D434C /* Assets.xcassets in Resources */,
			);
			runOnlyForDeploymentPostprocessing = 0;
		};
/* End PBXResourcesBuildPhase section */

/* Begin PBXSourcesBuildPhase section */
		A1EDA077253E02A1007D434C /* Sources */ = {
			isa = PBXSourcesBuildPhase;
			buildActionMask = 2147483647;
			files = (
				A1EDA0A2253E0B7A007D434C /* MenuButton.swift in Sources */,
				A1EDA083253E02A1007D434C /* MainViewController.swift in Sources */,
				A1EDA07F253E02A1007D434C /* AppDelegate.swift in Sources */,
				A1EDA09C253E05D3007D434C /* MainViewModel.swift in Sources */,
			);
			runOnlyForDeploymentPostprocessing = 0;
		};
/* End PBXSourcesBuildPhase section */

/* Begin PBXVariantGroup section */
		A1EDA089253E02A4007D434C /* LaunchScreen.storyboard */ = {
			isa = PBXVariantGroup;
			children = (
				A1EDA08A253E02A4007D434C /* Base */,
			);
			name = LaunchScreen.storyboard;
			sourceTree = "<group>";
		};
/* End PBXVariantGroup section */

/* Begin XCBuildConfiguration section */
		A1EDA08D253E02A4007D434C /* Debug */ = {
			isa = XCBuildConfiguration;
			buildSettings = {
				ALWAYS_SEARCH_USER_PATHS = NO;
				CLANG_ANALYZER_NONNULL = YES;
				CLANG_ANALYZER_NUMBER_OBJECT_CONVERSION = YES_AGGRESSIVE;
				CLANG_CXX_LANGUAGE_STANDARD = "gnu++14";
				CLANG_CXX_LIBRARY = "libc++";
				CLANG_ENABLE_MODULES = YES;
				CLANG_ENABLE_OBJC_ARC = YES;
				CLANG_ENABLE_OBJC_WEAK = YES;
				CLANG_WARN_BLOCK_CAPTURE_AUTORELEASING = YES;
				CLANG_WARN_BOOL_CONVERSION = YES;
				CLANG_WARN_COMMA = YES;
				CLANG_WARN_CONSTANT_CONVERSION = YES;
				CLANG_WARN_DEPRECATED_OBJC_IMPLEMENTATIONS = YES;
				CLANG_WARN_DIRECT_OBJC_ISA_USAGE = YES_ERROR;
				CLANG_WARN_DOCUMENTATION_COMMENTS = YES;
				CLANG_WARN_EMPTY_BODY = YES;
				CLANG_WARN_ENUM_CONVERSION = YES;
				CLANG_WARN_INFINITE_RECURSION = YES;
				CLANG_WARN_INT_CONVERSION = YES;
				CLANG_WARN_NON_LITERAL_NULL_CONVERSION = YES;
				CLANG_WARN_OBJC_IMPLICIT_RETAIN_SELF = YES;
				CLANG_WARN_OBJC_LITERAL_CONVERSION = YES;
				CLANG_WARN_OBJC_ROOT_CLASS = YES_ERROR;
				CLANG_WARN_QUOTED_INCLUDE_IN_FRAMEWORK_HEADER = YES;
				CLANG_WARN_RANGE_LOOP_ANALYSIS = YES;
				CLANG_WARN_STRICT_PROTOTYPES = YES;
				CLANG_WARN_SUSPICIOUS_MOVE = YES;
				CLANG_WARN_UNGUARDED_AVAILABILITY = YES_AGGRESSIVE;
				CLANG_WARN_UNREACHABLE_CODE = YES;
				CLANG_WARN__DUPLICATE_METHOD_MATCH = YES;
				COPY_PHASE_STRIP = NO;
				DEBUG_INFORMATION_FORMAT = dwarf;
				ENABLE_STRICT_OBJC_MSGSEND = YES;
				ENABLE_TESTABILITY = YES;
				GCC_C_LANGUAGE_STANDARD = gnu11;
				GCC_DYNAMIC_NO_PIC = NO;
				GCC_NO_COMMON_BLOCKS = YES;
				GCC_OPTIMIZATION_LEVEL = 0;
				GCC_PREPROCESSOR_DEFINITIONS = (
					"DEBUG=1",
					"$(inherited)",
				);
				GCC_WARN_64_TO_32_BIT_CONVERSION = YES;
				GCC_WARN_ABOUT_RETURN_TYPE = YES_ERROR;
				GCC_WARN_UNDECLARED_SELECTOR = YES;
				GCC_WARN_UNINITIALIZED_AUTOS = YES_AGGRESSIVE;
				GCC_WARN_UNUSED_FUNCTION = YES;
				GCC_WARN_UNUSED_VARIABLE = YES;
				IPHONEOS_DEPLOYMENT_TARGET = 14.0;
				MTL_ENABLE_DEBUG_INFO = INCLUDE_SOURCE;
				MTL_FAST_MATH = YES;
				ONLY_ACTIVE_ARCH = YES;
				SDKROOT = iphoneos;
				SWIFT_ACTIVE_COMPILATION_CONDITIONS = DEBUG;
				SWIFT_OPTIMIZATION_LEVEL = "-Onone";
			};
			name = Debug;
		};
		A1EDA08E253E02A4007D434C /* Release */ = {
			isa = XCBuildConfiguration;
			buildSettings = {
				ALWAYS_SEARCH_USER_PATHS = NO;
				CLANG_ANALYZER_NONNULL = YES;
				CLANG_ANALYZER_NUMBER_OBJECT_CONVERSION = YES_AGGRESSIVE;
				CLANG_CXX_LANGUAGE_STANDARD = "gnu++14";
				CLANG_CXX_LIBRARY = "libc++";
				CLANG_ENABLE_MODULES = YES;
				CLANG_ENABLE_OBJC_ARC = YES;
				CLANG_ENABLE_OBJC_WEAK = YES;
				CLANG_WARN_BLOCK_CAPTURE_AUTORELEASING = YES;
				CLANG_WARN_BOOL_CONVERSION = YES;
				CLANG_WARN_COMMA = YES;
				CLANG_WARN_CONSTANT_CONVERSION = YES;
				CLANG_WARN_DEPRECATED_OBJC_IMPLEMENTATIONS = YES;
				CLANG_WARN_DIRECT_OBJC_ISA_USAGE = YES_ERROR;
				CLANG_WARN_DOCUMENTATION_COMMENTS = YES;
				CLANG_WARN_EMPTY_BODY = YES;
				CLANG_WARN_ENUM_CONVERSION = YES;
				CLANG_WARN_INFINITE_RECURSION = YES;
				CLANG_WARN_INT_CONVERSION = YES;
				CLANG_WARN_NON_LITERAL_NULL_CONVERSION = YES;
				CLANG_WARN_OBJC_IMPLICIT_RETAIN_SELF = YES;
				CLANG_WARN_OBJC_LITERAL_CONVERSION = YES;
				CLANG_WARN_OBJC_ROOT_CLASS = YES_ERROR;
				CLANG_WARN_QUOTED_INCLUDE_IN_FRAMEWORK_HEADER = YES;
				CLANG_WARN_RANGE_LOOP_ANALYSIS = YES;
				CLANG_WARN_STRICT_PROTOTYPES = YES;
				CLANG_WARN_SUSPICIOUS_MOVE = YES;
				CLANG_WARN_UNGUARDED_AVAILABILITY = YES_AGGRESSIVE;
				CLANG_WARN_UNREACHABLE_CODE = YES;
				CLANG_WARN__DUPLICATE_METHOD_MATCH = YES;
				COPY_PHASE_STRIP = NO;
				DEBUG_INFORMATION_FORMAT = "dwarf-with-dsym";
				ENABLE_NS_ASSERTIONS = NO;
				ENABLE_STRICT_OBJC_MSGSEND = YES;
				GCC_C_LANGUAGE_STANDARD = gnu11;
				GCC_NO_COMMON_BLOCKS = YES;
				GCC_WARN_64_TO_32_BIT_CONVERSION = YES;
				GCC_WARN_ABOUT_RETURN_TYPE = YES_ERROR;
				GCC_WARN_UNDECLARED_SELECTOR = YES;
				GCC_WARN_UNINITIALIZED_AUTOS = YES_AGGRESSIVE;
				GCC_WARN_UNUSED_FUNCTION = YES;
				GCC_WARN_UNUSED_VARIABLE = YES;
				IPHONEOS_DEPLOYMENT_TARGET = 14.0;
				MTL_ENABLE_DEBUG_INFO = NO;
				MTL_FAST_MATH = YES;
				SDKROOT = iphoneos;
				SWIFT_COMPILATION_MODE = wholemodule;
				SWIFT_OPTIMIZATION_LEVEL = "-O";
				VALIDATE_PRODUCT = YES;
			};
			name = Release;
		};
		A1EDA090253E02A4007D434C /* Debug */ = {
			isa = XCBuildConfiguration;
			buildSettings = {
				ASSETCATALOG_COMPILER_APPICON_NAME = AppIcon;
				ASSETCATALOG_COMPILER_GLOBAL_ACCENT_COLOR_NAME = AccentColor;
				CODE_SIGN_STYLE = Automatic;
				DEVELOPMENT_TEAM = 43X98V3SHB;
				INFOPLIST_FILE = Duno/Info.plist;
				LD_RUNPATH_SEARCH_PATHS = (
					"$(inherited)",
					"@executable_path/Frameworks",
				);
				PRODUCT_BUNDLE_IDENTIFIER = arkd.Duno;
				PRODUCT_NAME = "$(TARGET_NAME)";
				SWIFT_VERSION = 5.0;
				TARGETED_DEVICE_FAMILY = "1,2";
			};
			name = Debug;
		};
		A1EDA091253E02A4007D434C /* Release */ = {
			isa = XCBuildConfiguration;
			buildSettings = {
				ASSETCATALOG_COMPILER_APPICON_NAME = AppIcon;
				ASSETCATALOG_COMPILER_GLOBAL_ACCENT_COLOR_NAME = AccentColor;
				CODE_SIGN_STYLE = Automatic;
				DEVELOPMENT_TEAM = 43X98V3SHB;
				INFOPLIST_FILE = Duno/Info.plist;
				LD_RUNPATH_SEARCH_PATHS = (
					"$(inherited)",
					"@executable_path/Frameworks",
				);
				PRODUCT_BUNDLE_IDENTIFIER = arkd.Duno;
				PRODUCT_NAME = "$(TARGET_NAME)";
				SWIFT_VERSION = 5.0;
				TARGETED_DEVICE_FAMILY = "1,2";
			};
			name = Release;
		};
/* End XCBuildConfiguration section */

/* Begin XCConfigurationList section */
		A1EDA076253E02A1007D434C /* Build configuration list for PBXProject "Duno" */ = {
			isa = XCConfigurationList;
			buildConfigurations = (
				A1EDA08D253E02A4007D434C /* Debug */,
				A1EDA08E253E02A4007D434C /* Release */,
			);
			defaultConfigurationIsVisible = 0;
			defaultConfigurationName = Release;
		};
		A1EDA08F253E02A4007D434C /* Build configuration list for PBXNativeTarget "Duno" */ = {
			isa = XCConfigurationList;
			buildConfigurations = (
				A1EDA090253E02A4007D434C /* Debug */,
				A1EDA091253E02A4007D434C /* Release */,
			);
			defaultConfigurationIsVisible = 0;
			defaultConfigurationName = Release;
		};
/* End XCConfigurationList section */
	};
	rootObject = A1EDA073253E02A1007D434C /* Project object */;
}
